
Microsoft Visual Studio Solution File, Format Version 12.00
# Visual Studio 2012
Project("{F184B08F-C81C-45F6-A57F-5ABD9991F28F}") = "Nexium Client", "Nexium Client\Nexium Client.vbproj", "{F47B0B2C-EDE4-4D8C-AE86-A4186AF26B08}"
EndProject
Project("{F184B08F-C81C-45F6-A57F-5ABD9991F28F}") = "Nexium Server", "Nexium Server\Nexium Server.vbproj", "{648B35B0-22A7-426A-A96E-0741CC14653C}"
EndProject
Project("{F184B08F-C81C-45F6-A57F-5ABD9991F28F}") = "Shared Code", "Shared Code\Shared Code.vbproj", "{1B2A2B3C-26EE-419F-80BC-1A8AE86D87DD}"
EndProject
Global
	GlobalSection(SolutionConfigurationPlatforms) = preSolution
		Debug|Any CPU = Debug|Any CPU
		Release|Any CPU = Release|Any CPU
	EndGlobalSection
	GlobalSection(ProjectConfigurationPlatforms) = postSolution
		{F47B0B2C-EDE4-4D8C-AE86-A4186AF26B08}.Debug|Any CPU.ActiveCfg = Debug|Any CPU
		{F47B0B2C-EDE4-4D8C-AE86-A4186AF26B08}.Debug|Any CPU.Build.0 = Debug|Any CPU
		{F47B0B2C-EDE4-4D8C-AE86-A4186AF26B08}.Release|Any CPU.ActiveCfg = Release|Any CPU
		{F47B0B2C-EDE4-4D8C-AE86-A4186AF26B08}.Release|Any CPU.Build.0 = Release|Any CPU
		{648B35B0-22A7-426A-A96E-0741CC14653C}.Debug|Any CPU.ActiveCfg = Debug|Any CPU
		{648B35B0-22A7-426A-A96E-0741CC14653C}.Debug|Any CPU.Build.0 = Debug|Any CPU
		{648B35B0-22A7-426A-A96E-0741CC14653C}.Release|Any CPU.ActiveCfg = Release|Any CPU
		{648B35B0-22A7-426A-A96E-0741CC14653C}.Release|Any CPU.Build.0 = Release|Any CPU
		{1B2A2B3C-26EE-419F-80BC-1A8AE86D87DD}.Debug|Any CPU.ActiveCfg = Debug|Any CPU
		{1B2A2B3C-26EE-419F-80BC-1A8AE86D87DD}.Debug|Any CPU.Build.0 = Debug|Any CPU
		{1B2A2B3C-26EE-419F-80BC-1A8AE86D87DD}.Release|Any CPU.ActiveCfg = Release|Any CPU
		{1B2A2B3C-26EE-419F-80BC-1A8AE86D87DD}.Release|Any CPU.Build.0 = Release|Any CPU
	EndGlobalSection
	GlobalSection(SolutionProperties) = preSolution
		HideSolutionNode = FALSE
	EndGlobalSection
EndGlobal
